{
  "version": 4,
  "terraform_version": "1.9.2",
  "serial": 97,
  "lineage": "9e79d8b4-aecd-9ec4-5a71-22f6539245da",
  "outputs": {},
  "resources": [
    {
      "mode": "managed",
      "type": "aws_dynamodb_table",
      "name": "terraform_locks",
      "provider": "provider[\"registry.terraform.io/hashicorp/aws\"]",
      "instances": [
        {
          "schema_version": 1,
          "attributes": {
            "arn": "arn:aws:dynamodb:us-west-2:381491857320:table/terraform-locks",
            "attribute": [
              {
                "name": "LockID",
                "type": "S"
              }
            ],
            "billing_mode": "PAY_PER_REQUEST",
            "deletion_protection_enabled": false,
            "global_secondary_index": [],
            "hash_key": "LockID",
            "id": "terraform-locks",
            "import_table": [],
            "local_secondary_index": [],
            "name": "terraform-locks",
            "point_in_time_recovery": [
              {
                "enabled": false
              }
            ],
            "range_key": null,
            "read_capacity": 0,
            "replica": [],
            "restore_date_time": null,
            "restore_source_name": null,
            "restore_to_latest_time": null,
            "server_side_encryption": [],
            "stream_arn": "",
            "stream_enabled": false,
            "stream_label": "",
            "stream_view_type": "",
            "table_class": "STANDARD",
            "tags": {
              "Environment": "Dev",
              "Name": "Terraform Locks Table"
            },
            "tags_all": {
              "Environment": "Dev",
              "Name": "Terraform Locks Table"
            },
            "timeouts": null,
            "ttl": [
              {
                "attribute_name": "",
                "enabled": false
              }
            ],
            "write_capacity": 0
          },
          "sensitive_attributes": [],
          "private": "eyJlMmJmYjczMC1lY2FhLTExZTYtOGY4OC0zNDM2M2JjN2M0YzAiOnsiY3JlYXRlIjoxODAwMDAwMDAwMDAwLCJkZWxldGUiOjYwMDAwMDAwMDAwMCwidXBkYXRlIjozNjAwMDAwMDAwMDAwfSwic2NoZW1hX3ZlcnNpb24iOiIxIn0="
        }
      ]
    },
    {
      "mode": "managed",
      "type": "aws_s3_bucket",
      "name": "terraform_state",
      "provider": "provider[\"registry.terraform.io/hashicorp/aws\"]",
      "instances": [
        {
          "schema_version": 0,
          "attributes": {
            "acceleration_status": "",
            "acl": "private",
            "arn": "arn:aws:s3:::your-unique-terraform-state-bucket-nme",
            "bucket": "your-unique-terraform-state-bucket-nme",
            "bucket_domain_name": "your-unique-terraform-state-bucket-nme.s3.amazonaws.com",
            "bucket_prefix": "",
            "bucket_regional_domain_name": "your-unique-terraform-state-bucket-nme.s3.us-west-2.amazonaws.com",
            "cors_rule": [],
            "force_destroy": false,
            "grant": [
              {
                "id": "3c73a19a6552eaab076bf62b7787f84d8d43caacedc2bff8df3e902767bdb750",
                "permissions": [
                  "FULL_CONTROL"
                ],
                "type": "CanonicalUser",
                "uri": ""
              }
            ],
            "hosted_zone_id": "Z3BJ6K6RIION7M",
            "id": "your-unique-terraform-state-bucket-nme",
            "lifecycle_rule": [],
            "logging": [],
            "object_lock_configuration": [],
            "object_lock_enabled": false,
            "policy": "",
            "region": "us-west-2",
            "replication_configuration": [],
            "request_payer": "BucketOwner",
            "server_side_encryption_configuration": [
              {
                "rule": [
                  {
                    "apply_server_side_encryption_by_default": [
                      {
                        "kms_master_key_id": "",
                        "sse_algorithm": "AES256"
                      }
                    ],
                    "bucket_key_enabled": false
                  }
                ]
              }
            ],
            "tags": {
              "Environment": "Dev",
              "Name": "Terraform State Bucket"
            },
            "tags_all": {
              "Environment": "Dev",
              "Name": "Terraform State Bucket"
            },
            "timeouts": null,
            "versioning": [
              {
                "enabled": true,
                "mfa_delete": false
              }
            ],
            "website": [],
            "website_domain": null,
            "website_endpoint": null
          },
          "sensitive_attributes": [],
          "private": "eyJlMmJmYjczMC1lY2FhLTExZTYtOGY4OC0zNDM2M2JjN2M0YzAiOnsiY3JlYXRlIjoxMjAwMDAwMDAwMDAwLCJkZWxldGUiOjM2MDAwMDAwMDAwMDAsInJlYWQiOjEyMDAwMDAwMDAwMDAsInVwZGF0ZSI6MTIwMDAwMDAwMDAwMH19"
        }
      ]
    },
    {
      "module": "module.alb",
      "mode": "managed",
      "type": "aws_lb",
      "name": "this",
      "provider": "provider[\"registry.terraform.io/hashicorp/aws\"]",
      "instances": [
        {
          "schema_version": 0,
          "attributes": {
            "access_logs": [
              {
                "bucket": "",
                "enabled": false,
                "prefix": ""
              }
            ],
            "arn": "arn:aws:elasticloadbalancing:us-west-2:381491857320:loadbalancer/app/my-alb/ff275fe783a86422",
            "arn_suffix": "app/my-alb/ff275fe783a86422",
            "client_keep_alive": 3600,
            "connection_logs": [
              {
                "bucket": "",
                "enabled": false,
                "prefix": ""
              }
            ],
            "customer_owned_ipv4_pool": "",
            "desync_mitigation_mode": "defensive",
            "dns_name": "my-alb-161958955.us-west-2.elb.amazonaws.com",
            "dns_record_client_routing_policy": null,
            "drop_invalid_header_fields": false,
            "enable_cross_zone_load_balancing": true,
            "enable_deletion_protection": false,
            "enable_http2": true,
            "enable_tls_version_and_cipher_suite_headers": false,
            "enable_waf_fail_open": false,
            "enable_xff_client_port": false,
            "enforce_security_group_inbound_rules_on_private_link_traffic": "",
            "id": "arn:aws:elasticloadbalancing:us-west-2:381491857320:loadbalancer/app/my-alb/ff275fe783a86422",
            "idle_timeout": 60,
            "internal": false,
            "ip_address_type": "ipv4",
            "load_balancer_type": "application",
            "name": "my-alb",
            "name_prefix": "",
            "preserve_host_header": false,
            "security_groups": [
              "sg-02b1303475096bbe4"
            ],
            "subnet_mapping": [
              {
                "allocation_id": "",
                "ipv6_address": "",
                "outpost_id": "",
                "private_ipv4_address": "",
                "subnet_id": "subnet-02408de7cfefb60ca"
              },
              {
                "allocation_id": "",
                "ipv6_address": "",
                "outpost_id": "",
                "private_ipv4_address": "",
                "subnet_id": "subnet-0e83e89d0146a95f6"
              }
            ],
            "subnets": [
              "subnet-02408de7cfefb60ca",
              "subnet-0e83e89d0146a95f6"
            ],
            "tags": {},
            "tags_all": {},
            "timeouts": null,
            "vpc_id": "vpc-0baebf62692e8cfb7",
            "xff_header_processing_mode": "append",
            "zone_id": "Z1H1FL5HABSF5"
          },
          "sensitive_attributes": [],
          "private": "eyJlMmJmYjczMC1lY2FhLTExZTYtOGY4OC0zNDM2M2JjN2M0YzAiOnsiY3JlYXRlIjo2MDAwMDAwMDAwMDAsImRlbGV0ZSI6NjAwMDAwMDAwMDAwLCJ1cGRhdGUiOjYwMDAwMDAwMDAwMH19",
          "dependencies": [
            "module.alb.aws_security_group.alb_sg",
            "module.vpc.aws_subnet.public",
            "module.vpc.aws_vpc.this",
            "module.vpc.data.aws_availability_zones.available"
          ]
        }
      ]
    },
    {
      "module": "module.alb",
      "mode": "managed",
      "type": "aws_security_group",
      "name": "alb_sg",
      "provider": "provider[\"registry.terraform.io/hashicorp/aws\"]",
      "instances": [
        {
          "schema_version": 1,
          "attributes": {
            "arn": "arn:aws:ec2:us-west-2:381491857320:security-group/sg-02b1303475096bbe4",
            "description": "Managed by Terraform",
            "egress": [
              {
                "cidr_blocks": [
                  "0.0.0.0/0"
                ],
                "description": "",
                "from_port": 0,
                "ipv6_cidr_blocks": [],
                "prefix_list_ids": [],
                "protocol": "-1",
                "security_groups": [],
                "self": false,
                "to_port": 0
              }
            ],
            "id": "sg-02b1303475096bbe4",
            "ingress": [
              {
                "cidr_blocks": [
                  "0.0.0.0/0"
                ],
                "description": "",
                "from_port": 80,
                "ipv6_cidr_blocks": [],
                "prefix_list_ids": [],
                "protocol": "tcp",
                "security_groups": [],
                "self": false,
                "to_port": 80
              }
            ],
            "name": "alb_sg20240712082921589400000001",
            "name_prefix": "alb_sg",
            "owner_id": "381491857320",
            "revoke_rules_on_delete": false,
            "tags": {},
            "tags_all": {},
            "timeouts": null,
            "vpc_id": "vpc-0baebf62692e8cfb7"
          },
          "sensitive_attributes": [],
          "private": "eyJlMmJmYjczMC1lY2FhLTExZTYtOGY4OC0zNDM2M2JjN2M0YzAiOnsiY3JlYXRlIjo2MDAwMDAwMDAwMDAsImRlbGV0ZSI6OTAwMDAwMDAwMDAwfSwic2NoZW1hX3ZlcnNpb24iOiIxIn0=",
          "dependencies": [
            "module.vpc.aws_vpc.this"
          ]
        }
      ]
    },
    {
      "module": "module.instances",
      "mode": "managed",
      "type": "aws_instance",
      "name": "private",
      "provider": "provider[\"registry.terraform.io/hashicorp/aws\"]",
      "instances": [
        {
          "index_key": 0,
          "schema_version": 1,
          "attributes": {
            "ami": "ami-078701cc0905d44e4",
            "arn": "arn:aws:ec2:us-west-2:381491857320:instance/i-0f69140de422b8e95",
            "associate_public_ip_address": false,
            "availability_zone": "us-west-2a",
            "capacity_reservation_specification": [
              {
                "capacity_reservation_preference": "open",
                "capacity_reservation_target": []
              }
            ],
            "cpu_core_count": 1,
            "cpu_options": [
              {
                "amd_sev_snp": "",
                "core_count": 1,
                "threads_per_core": 1
              }
            ],
            "cpu_threads_per_core": 1,
            "credit_specification": [
              {
                "cpu_credits": "standard"
              }
            ],
            "disable_api_stop": false,
            "disable_api_termination": false,
            "ebs_block_device": [],
            "ebs_optimized": false,
            "enclave_options": [
              {
                "enabled": false
              }
            ],
            "ephemeral_block_device": [],
            "get_password_data": false,
            "hibernation": false,
            "host_id": "",
            "host_resource_group_arn": null,
            "iam_instance_profile": "",
            "id": "i-0f69140de422b8e95",
            "instance_initiated_shutdown_behavior": "stop",
            "instance_lifecycle": "",
            "instance_market_options": [],
            "instance_state": "running",
            "instance_type": "t2.micro",
            "ipv6_address_count": 0,
            "ipv6_addresses": [],
            "key_name": "example-key",
            "launch_template": [],
            "maintenance_options": [
              {
                "auto_recovery": "default"
              }
            ],
            "metadata_options": [
              {
                "http_endpoint": "enabled",
                "http_protocol_ipv6": "disabled",
                "http_put_response_hop_limit": 2,
                "http_tokens": "required",
                "instance_metadata_tags": "disabled"
              }
            ],
            "monitoring": false,
            "network_interface": [],
            "outpost_arn": "",
            "password_data": "",
            "placement_group": "",
            "placement_partition_number": 0,
            "primary_network_interface_id": "eni-04be28a532c0660ea",
            "private_dns": "ip-10-0-2-158.us-west-2.compute.internal",
            "private_dns_name_options": [
              {
                "enable_resource_name_dns_a_record": false,
                "enable_resource_name_dns_aaaa_record": false,
                "hostname_type": "ip-name"
              }
            ],
            "private_ip": "10.0.2.158",
            "public_dns": "",
            "public_ip": "",
            "root_block_device": [
              {
                "delete_on_termination": true,
                "device_name": "/dev/xvda",
                "encrypted": false,
                "iops": 3000,
                "kms_key_id": "",
                "tags": {},
                "tags_all": {},
                "throughput": 125,
                "volume_id": "vol-035a232e700dc485b",
                "volume_size": 8,
                "volume_type": "gp3"
              }
            ],
            "secondary_private_ips": [],
            "security_groups": [],
            "source_dest_check": true,
            "spot_instance_request_id": "",
            "subnet_id": "subnet-0133a6aa313ef008e",
            "tags": {
              "Name": "PrivateInstance-0"
            },
            "tags_all": {
              "Name": "PrivateInstance-0"
            },
            "tenancy": "default",
            "timeouts": null,
            "user_data": null,
            "user_data_base64": null,
            "user_data_replace_on_change": false,
            "volume_tags": null,
            "vpc_security_group_ids": [
              "sg-017bbf95582fe5e72"
            ]
          },
          "sensitive_attributes": [],
          "private": "eyJlMmJmYjczMC1lY2FhLTExZTYtOGY4OC0zNDM2M2JjN2M0YzAiOnsiY3JlYXRlIjo2MDAwMDAwMDAwMDAsImRlbGV0ZSI6MTIwMDAwMDAwMDAwMCwicmVhZCI6OTAwMDAwMDAwMDAwLCJ1cGRhdGUiOjYwMDAwMDAwMDAwMH0sInNjaGVtYV92ZXJzaW9uIjoiMSJ9",
          "dependencies": [
            "module.instances.aws_key_pair.example",
            "module.instances.tls_private_key.example",
            "module.vpc.aws_subnet.private",
            "module.vpc.aws_vpc.this",
            "module.vpc.data.aws_availability_zones.available"
          ]
        },
        {
          "index_key": 1,
          "schema_version": 1,
          "attributes": {
            "ami": "ami-078701cc0905d44e4",
            "arn": "arn:aws:ec2:us-west-2:381491857320:instance/i-01eb34c8c5f1e1b30",
            "associate_public_ip_address": false,
            "availability_zone": "us-west-2b",
            "capacity_reservation_specification": [
              {
                "capacity_reservation_preference": "open",
                "capacity_reservation_target": []
              }
            ],
            "cpu_core_count": 1,
            "cpu_options": [
              {
                "amd_sev_snp": "",
                "core_count": 1,
                "threads_per_core": 1
              }
            ],
            "cpu_threads_per_core": 1,
            "credit_specification": [
              {
                "cpu_credits": "standard"
              }
            ],
            "disable_api_stop": false,
            "disable_api_termination": false,
            "ebs_block_device": [],
            "ebs_optimized": false,
            "enclave_options": [
              {
                "enabled": false
              }
            ],
            "ephemeral_block_device": [],
            "get_password_data": false,
            "hibernation": false,
            "host_id": "",
            "host_resource_group_arn": null,
            "iam_instance_profile": "",
            "id": "i-01eb34c8c5f1e1b30",
            "instance_initiated_shutdown_behavior": "stop",
            "instance_lifecycle": "",
            "instance_market_options": [],
            "instance_state": "running",
            "instance_type": "t2.micro",
            "ipv6_address_count": 0,
            "ipv6_addresses": [],
            "key_name": "example-key",
            "launch_template": [],
            "maintenance_options": [
              {
                "auto_recovery": "default"
              }
            ],
            "metadata_options": [
              {
                "http_endpoint": "enabled",
                "http_protocol_ipv6": "disabled",
                "http_put_response_hop_limit": 2,
                "http_tokens": "required",
                "instance_metadata_tags": "disabled"
              }
            ],
            "monitoring": false,
            "network_interface": [],
            "outpost_arn": "",
            "password_data": "",
            "placement_group": "",
            "placement_partition_number": 0,
            "primary_network_interface_id": "eni-0cbc635a39a4177a8",
            "private_dns": "ip-10-0-3-115.us-west-2.compute.internal",
            "private_dns_name_options": [
              {
                "enable_resource_name_dns_a_record": false,
                "enable_resource_name_dns_aaaa_record": false,
                "hostname_type": "ip-name"
              }
            ],
            "private_ip": "10.0.3.115",
            "public_dns": "",
            "public_ip": "",
            "root_block_device": [
              {
                "delete_on_termination": true,
                "device_name": "/dev/xvda",
                "encrypted": false,
                "iops": 3000,
                "kms_key_id": "",
                "tags": {},
                "tags_all": {},
                "throughput": 125,
                "volume_id": "vol-0d8fa510b0d350def",
                "volume_size": 8,
                "volume_type": "gp3"
              }
            ],
            "secondary_private_ips": [],
            "security_groups": [],
            "source_dest_check": true,
            "spot_instance_request_id": "",
            "subnet_id": "subnet-03fb84dda16d83aef",
            "tags": {
              "Name": "PrivateInstance-1"
            },
            "tags_all": {
              "Name": "PrivateInstance-1"
            },
            "tenancy": "default",
            "timeouts": null,
            "user_data": null,
            "user_data_base64": null,
            "user_data_replace_on_change": false,
            "volume_tags": null,
            "vpc_security_group_ids": [
              "sg-017bbf95582fe5e72"
            ]
          },
          "sensitive_attributes": [],
          "private": "eyJlMmJmYjczMC1lY2FhLTExZTYtOGY4OC0zNDM2M2JjN2M0YzAiOnsiY3JlYXRlIjo2MDAwMDAwMDAwMDAsImRlbGV0ZSI6MTIwMDAwMDAwMDAwMCwicmVhZCI6OTAwMDAwMDAwMDAwLCJ1cGRhdGUiOjYwMDAwMDAwMDAwMH0sInNjaGVtYV92ZXJzaW9uIjoiMSJ9",
          "dependencies": [
            "module.instances.aws_key_pair.example",
            "module.instances.tls_private_key.example",
            "module.vpc.aws_subnet.private",
            "module.vpc.aws_vpc.this",
            "module.vpc.data.aws_availability_zones.available"
          ]
        }
      ]
    },
    {
      "module": "module.instances",
      "mode": "managed",
      "type": "aws_instance",
      "name": "public",
      "provider": "provider[\"registry.terraform.io/hashicorp/aws\"]",
      "instances": [
        {
          "index_key": 0,
          "schema_version": 1,
          "attributes": {
            "ami": "ami-078701cc0905d44e4",
            "arn": "arn:aws:ec2:us-west-2:381491857320:instance/i-04297ce5ab975d280",
            "associate_public_ip_address": true,
            "availability_zone": "us-west-2a",
            "capacity_reservation_specification": [
              {
                "capacity_reservation_preference": "open",
                "capacity_reservation_target": []
              }
            ],
            "cpu_core_count": 1,
            "cpu_options": [
              {
                "amd_sev_snp": "",
                "core_count": 1,
                "threads_per_core": 1
              }
            ],
            "cpu_threads_per_core": 1,
            "credit_specification": [
              {
                "cpu_credits": "standard"
              }
            ],
            "disable_api_stop": false,
            "disable_api_termination": false,
            "ebs_block_device": [],
            "ebs_optimized": false,
            "enclave_options": [
              {
                "enabled": false
              }
            ],
            "ephemeral_block_device": [],
            "get_password_data": false,
            "hibernation": false,
            "host_id": "",
            "host_resource_group_arn": null,
            "iam_instance_profile": "",
            "id": "i-04297ce5ab975d280",
            "instance_initiated_shutdown_behavior": "stop",
            "instance_lifecycle": "",
            "instance_market_options": [],
            "instance_state": "running",
            "instance_type": "t2.micro",
            "ipv6_address_count": 0,
            "ipv6_addresses": [],
            "key_name": "example-key",
            "launch_template": [],
            "maintenance_options": [
              {
                "auto_recovery": "default"
              }
            ],
            "metadata_options": [
              {
                "http_endpoint": "enabled",
                "http_protocol_ipv6": "disabled",
                "http_put_response_hop_limit": 2,
                "http_tokens": "required",
                "instance_metadata_tags": "disabled"
              }
            ],
            "monitoring": false,
            "network_interface": [],
            "outpost_arn": "",
            "password_data": "",
            "placement_group": "",
            "placement_partition_number": 0,
            "primary_network_interface_id": "eni-024f6102d520eb686",
            "private_dns": "ip-10-0-0-129.us-west-2.compute.internal",
            "private_dns_name_options": [
              {
                "enable_resource_name_dns_a_record": false,
                "enable_resource_name_dns_aaaa_record": false,
                "hostname_type": "ip-name"
              }
            ],
            "private_ip": "10.0.0.129",
            "public_dns": "",
            "public_ip": "52.25.110.242",
            "root_block_device": [
              {
                "delete_on_termination": true,
                "device_name": "/dev/xvda",
                "encrypted": false,
                "iops": 3000,
                "kms_key_id": "",
                "tags": {},
                "tags_all": {},
                "throughput": 125,
                "volume_id": "vol-0a029b5cce96c69e2",
                "volume_size": 8,
                "volume_type": "gp3"
              }
            ],
            "secondary_private_ips": [],
            "security_groups": [],
            "source_dest_check": true,
            "spot_instance_request_id": "",
            "subnet_id": "subnet-02408de7cfefb60ca",
            "tags": {
              "Name": "PublicInstance-0"
            },
            "tags_all": {
              "Name": "PublicInstance-0"
            },
            "tenancy": "default",
            "timeouts": null,
            "user_data": null,
            "user_data_base64": null,
            "user_data_replace_on_change": false,
            "volume_tags": null,
            "vpc_security_group_ids": [
              "sg-017bbf95582fe5e72"
            ]
          },
          "sensitive_attributes": [],
          "private": "eyJlMmJmYjczMC1lY2FhLTExZTYtOGY4OC0zNDM2M2JjN2M0YzAiOnsiY3JlYXRlIjo2MDAwMDAwMDAwMDAsImRlbGV0ZSI6MTIwMDAwMDAwMDAwMCwicmVhZCI6OTAwMDAwMDAwMDAwLCJ1cGRhdGUiOjYwMDAwMDAwMDAwMH0sInNjaGVtYV92ZXJzaW9uIjoiMSJ9",
          "dependencies": [
            "module.instances.aws_key_pair.example",
            "module.instances.tls_private_key.example",
            "module.vpc.aws_subnet.public",
            "module.vpc.aws_vpc.this",
            "module.vpc.data.aws_availability_zones.available"
          ]
        },
        {
          "index_key": 1,
          "schema_version": 1,
          "attributes": {
            "ami": "ami-078701cc0905d44e4",
            "arn": "arn:aws:ec2:us-west-2:381491857320:instance/i-07884e9354691a37b",
            "associate_public_ip_address": true,
            "availability_zone": "us-west-2b",
            "capacity_reservation_specification": [
              {
                "capacity_reservation_preference": "open",
                "capacity_reservation_target": []
              }
            ],
            "cpu_core_count": 1,
            "cpu_options": [
              {
                "amd_sev_snp": "",
                "core_count": 1,
                "threads_per_core": 1
              }
            ],
            "cpu_threads_per_core": 1,
            "credit_specification": [
              {
                "cpu_credits": "standard"
              }
            ],
            "disable_api_stop": false,
            "disable_api_termination": false,
            "ebs_block_device": [],
            "ebs_optimized": false,
            "enclave_options": [
              {
                "enabled": false
              }
            ],
            "ephemeral_block_device": [],
            "get_password_data": false,
            "hibernation": false,
            "host_id": "",
            "host_resource_group_arn": null,
            "iam_instance_profile": "",
            "id": "i-07884e9354691a37b",
            "instance_initiated_shutdown_behavior": "stop",
            "instance_lifecycle": "",
            "instance_market_options": [],
            "instance_state": "running",
            "instance_type": "t2.micro",
            "ipv6_address_count": 0,
            "ipv6_addresses": [],
            "key_name": "example-key",
            "launch_template": [],
            "maintenance_options": [
              {
                "auto_recovery": "default"
              }
            ],
            "metadata_options": [
              {
                "http_endpoint": "enabled",
                "http_protocol_ipv6": "disabled",
                "http_put_response_hop_limit": 2,
                "http_tokens": "required",
                "instance_metadata_tags": "disabled"
              }
            ],
            "monitoring": false,
            "network_interface": [],
            "outpost_arn": "",
            "password_data": "",
            "placement_group": "",
            "placement_partition_number": 0,
            "primary_network_interface_id": "eni-045fd0e01685f5159",
            "private_dns": "ip-10-0-1-21.us-west-2.compute.internal",
            "private_dns_name_options": [
              {
                "enable_resource_name_dns_a_record": false,
                "enable_resource_name_dns_aaaa_record": false,
                "hostname_type": "ip-name"
              }
            ],
            "private_ip": "10.0.1.21",
            "public_dns": "",
            "public_ip": "54.202.123.102",
            "root_block_device": [
              {
                "delete_on_termination": true,
                "device_name": "/dev/xvda",
                "encrypted": false,
                "iops": 3000,
                "kms_key_id": "",
                "tags": {},
                "tags_all": {},
                "throughput": 125,
                "volume_id": "vol-08c6884945d70367c",
                "volume_size": 8,
                "volume_type": "gp3"
              }
            ],
            "secondary_private_ips": [],
            "security_groups": [],
            "source_dest_check": true,
            "spot_instance_request_id": "",
            "subnet_id": "subnet-0e83e89d0146a95f6",
            "tags": {
              "Name": "PublicInstance-1"
            },
            "tags_all": {
              "Name": "PublicInstance-1"
            },
            "tenancy": "default",
            "timeouts": null,
            "user_data": null,
            "user_data_base64": null,
            "user_data_replace_on_change": false,
            "volume_tags": null,
            "vpc_security_group_ids": [
              "sg-017bbf95582fe5e72"
            ]
          },
          "sensitive_attributes": [],
          "private": "eyJlMmJmYjczMC1lY2FhLTExZTYtOGY4OC0zNDM2M2JjN2M0YzAiOnsiY3JlYXRlIjo2MDAwMDAwMDAwMDAsImRlbGV0ZSI6MTIwMDAwMDAwMDAwMCwicmVhZCI6OTAwMDAwMDAwMDAwLCJ1cGRhdGUiOjYwMDAwMDAwMDAwMH0sInNjaGVtYV92ZXJzaW9uIjoiMSJ9",
          "dependencies": [
            "module.instances.aws_key_pair.example",
            "module.instances.tls_private_key.example",
            "module.vpc.aws_subnet.public",
            "module.vpc.aws_vpc.this",
            "module.vpc.data.aws_availability_zones.available"
          ]
        }
      ]
    },
    {
      "module": "module.instances",
      "mode": "managed",
      "type": "aws_key_pair",
      "name": "example",
      "provider": "provider[\"registry.terraform.io/hashicorp/aws\"]",
      "instances": [
        {
          "schema_version": 1,
          "attributes": {
            "arn": "arn:aws:ec2:us-west-2:381491857320:key-pair/example-key",
            "fingerprint": "87:48:10:bb:e7:15:c0:5e:c3:68:cc:81:20:d1:5f:ae",
            "id": "example-key",
            "key_name": "example-key",
            "key_name_prefix": "",
            "key_pair_id": "key-0934b2c2ff91736e4",
            "key_type": "rsa",
            "public_key": "ssh-rsa AAAAB3NzaC1yc2EAAAADAQABAAABAQCv+EaXXjomXu7faQb0QC0mZ020bFRjJVndIjMV/NHRDBFaWC8WJ2OhbQ+vE8IyHB6fPcqJ0V107jElgCh1m2r+puj3rPcJ9Zo6sOecH+e2ldI+7QoAuhzNOtz3aq9c91ehBxU63+cQS9k1spZAWJqyOqD1zBPI9yraGIAyky+rWdcIe8jb4vOGFlJwgTzCZ09MKz9DsvEUjJcgC6P211dHAKvE1WieljrdNaSy3WGTibMDxO3sUA4lasx5nMdJTKbs3ahFuN4KVcXkBAfNPkiId3gNrj04NAXEPLg1zd3iPCA52Sy3aY7x9rnEs2KCqtuhDyJSvv48zoS0sR4ia/Dr",
            "tags": {},
            "tags_all": {}
          },
          "sensitive_attributes": [],
          "private": "eyJzY2hlbWFfdmVyc2lvbiI6IjEifQ==",
          "dependencies": [
            "module.instances.tls_private_key.example"
          ]
        }
      ]
    },
    {
      "module": "module.instances",
      "mode": "managed",
      "type": "local_file",
      "name": "private_key",
      "provider": "provider[\"registry.terraform.io/hashicorp/local\"]",
      "instances": [
        {
          "schema_version": 0,
          "attributes": {
            "content": "-----BEGIN RSA PRIVATE KEY-----\nMIIEowIBAAKCAQEAr/hGl146Jl7u32kG9EAtJmdNtGxUYyVZ3SIzFfzR0QwRWlgv\nFidjoW0PrxPCMhwenz3KidFddO4xJYAodZtq/qbo96z3CfWaOrDnnB/ntpXSPu0K\nALoczTrc92qvXPdXoQcVOt/nEEvZNbKWQFiasjqg9cwTyPcq2hiAMpMvq1nXCHvI\n2+LzhhZScIE8wmdPTCs/Q7LxFIyXIAuj9tdXRwCrxNVonpY63TWkst1hk4mzA8Tt\n7FAOJWrMeZzHSUym7N2oRbjeClXF5AQHzT5IiHd4Da49ODQFxDy4Nc3d4jwgOdks\nt2mO8fa5xLNigqrboQ8iUr7+PM6EtLEeImvw6wIDAQABAoIBABa5OexsF5hC5Bfn\niSVbcDkoV+l3n8IZ3avnsa8iMboME+WVw6bZuUzsN31FUOuFpBKuOQxpA+eIpsIP\n9amSQ1PVG/p31ILtu1fe5lnL6PE0Ea1ckNEdN4DtHAG7PiAENMWvk3dB2KXLFaaQ\nhESU7I0dcxGqo9dsy5TUWyGszhgTT/nX/cS/rIK3ZyeYH6VFx3H9Ipd8EdtPbjRv\nZZfXzztHQBMt3srCkmdoxEB4KoyDknmyGA/S6DXAo5ta6HfqopfwIf1PGIr4FBh3\nrU+U9lTgjS92EmLzwHSQyPm9WTzInSAUi/l23zSrv4wnCcCtQO1DptxqTjzlSS+m\nrwUbN7kCgYEA4nJyTO5q6Mpt/djpHgPixVGsZQyUf8CAlh/ddEjcxGweZLROtHaV\n+6waimsVjN8kEtLyA/Lt+71wneMfWrlce2/k711LFtzjBjUcc2nu+b3eEtgIO4AO\n6wIuY+8COmXBlDBNfMsuLdids9gMq789M9GwW37F46VH8oN1HSPbBbcCgYEAxu9l\nAAEG3xJLUVNIZ+fD1D9iyzFhvLK39Km9anoeia/TFO2uPY9SVqp2AxoupdPxf7mf\n1IelhuBYCOW6QsNUIOIxrxgCJ8q51SyJc1FNnc63dhaa2W0u1R1Pl0NOlq/Q+Np1\nFtxizdvxaaESGhSeCUH3pyeq+vmrOxOA1L75jm0CgYEAgdMFbs+9oUr1NnTWaavm\npiPGB4Tn2jo+PlN0fkeLsl0eK7Qn71SRdmFcMgFksIf5wYUI1XTANfSNDSf6gOQG\nfopPIWBGPYxT5+opLo4MQUg2em06gwpPAzMT751GlL5j9hafRi2igwxOlZ4G3axd\nZUkRp9MNlw7aKdJuIU++MQ8CgYABLLq49EiZGp+NPGOqEWlLoJAxyPndxmRlsnbm\n4Q+7GmmxrvGfdXA0CM+nlwj9e7HqYis6cw6cLEj4zHp8GHEvvIY0lXy1xXGxe5DY\nOHuv2d+ld960N/vV0FV+/CvDoggm4Ate9jAzLQBQ8l2L/+ErBtOyjf5pev3y3Fuf\nZf1NRQKBgACkCqsZmK8zndlz+B8LnYQm7/o8wLTgykbQxRdricFT65l96e11yR8A\nPDFuyLMewwG9jCGOkcjFKI3ihd/+OxpmOl6z6UgTb6rMrIroF+YqFzLUTR8tC1US\nNPfSu3vOxjPK6GU9znR0o/5EeBnH3NIqyYw5ruRvR+3OS8gjvpl6\n-----END RSA PRIVATE KEY-----\n",
            "content_base64": null,
            "content_base64sha256": "EG6THCtJ1WiXa80omlX9ULsvfgvyM/x2xWcMH6pQvjY=",
            "content_base64sha512": "RfmYSKxQBQt3jXS7SNO0z/Jz9aEenOyxZaHL17NRQgSkiDfJ5cQxaJp7rpDyq0OLIDFqX/JNDJssZ9qtVapSpw==",
            "content_md5": "df564306be8000a98222585a3b2e330b",
            "content_sha1": "b5d0eb0707bf50bea23ad4c4a9005c9b1a1aca4a",
            "content_sha256": "106e931c2b49d568976bcd289a55fd50bb2f7e0bf233fc76c5670c1faa50be36",
            "content_sha512": "45f99848ac50050b778d74bb48d3b4cff273f5a11e9cecb165a1cbd7b3514204a48837c9e5c431689a7bae90f2ab438b20316a5ff24d0c9b2c67daad55aa52a7",
            "directory_permission": "0777",
            "file_permission": "0400",
            "filename": "instances/example-key.pem",
            "id": "b5d0eb0707bf50bea23ad4c4a9005c9b1a1aca4a",
            "sensitive_content": null,
            "source": null
          },
          "sensitive_attributes": [
            [
              {
                "type": "get_attr",
                "value": "content"
              }
            ],
            [
              {
                "type": "get_attr",
                "value": "sensitive_content"
              }
            ]
          ],
          "dependencies": [
            "module.instances.tls_private_key.example"
          ]
        }
      ]
    },
    {
      "module": "module.instances",
      "mode": "managed",
      "type": "tls_private_key",
      "name": "example",
      "provider": "provider[\"registry.terraform.io/hashicorp/tls\"]",
      "instances": [
        {
          "schema_version": 1,
          "attributes": {
            "algorithm": "RSA",
            "ecdsa_curve": "P224",
            "id": "b1d7500017fac921e56ecb5a94862412648ac546",
            "private_key_openssh": "-----BEGIN OPENSSH PRIVATE KEY-----\nb3BlbnNzaC1rZXktdjEAAAAABG5vbmUAAAAEbm9uZQAAAAAAAAABAAABFwAAAAdz\nc2gtcnNhAAAAAwEAAQAAAQEAr/hGl146Jl7u32kG9EAtJmdNtGxUYyVZ3SIzFfzR\n0QwRWlgvFidjoW0PrxPCMhwenz3KidFddO4xJYAodZtq/qbo96z3CfWaOrDnnB/n\ntpXSPu0KALoczTrc92qvXPdXoQcVOt/nEEvZNbKWQFiasjqg9cwTyPcq2hiAMpMv\nq1nXCHvI2+LzhhZScIE8wmdPTCs/Q7LxFIyXIAuj9tdXRwCrxNVonpY63TWkst1h\nk4mzA8Tt7FAOJWrMeZzHSUym7N2oRbjeClXF5AQHzT5IiHd4Da49ODQFxDy4Nc3d\n4jwgOdkst2mO8fa5xLNigqrboQ8iUr7+PM6EtLEeImvw6wAAA7ibP1OTmz9TkwAA\nAAdzc2gtcnNhAAABAQCv+EaXXjomXu7faQb0QC0mZ020bFRjJVndIjMV/NHRDBFa\nWC8WJ2OhbQ+vE8IyHB6fPcqJ0V107jElgCh1m2r+puj3rPcJ9Zo6sOecH+e2ldI+\n7QoAuhzNOtz3aq9c91ehBxU63+cQS9k1spZAWJqyOqD1zBPI9yraGIAyky+rWdcI\ne8jb4vOGFlJwgTzCZ09MKz9DsvEUjJcgC6P211dHAKvE1WieljrdNaSy3WGTibMD\nxO3sUA4lasx5nMdJTKbs3ahFuN4KVcXkBAfNPkiId3gNrj04NAXEPLg1zd3iPCA5\n2Sy3aY7x9rnEs2KCqtuhDyJSvv48zoS0sR4ia/DrAAAAAwEAAQAAAQAWuTnsbBeY\nQuQX54klW3A5KFfpd5/CGd2r57GvIjG6DBPllcOm2blM7Dd9RVDrhaQSrjkMaQPn\niKbCD/WpkkNT1Rv6d9SC7btX3uZZy+jxNBGtXJDRHTeA7RwBuz4gBDTFr5N3Qdil\nyxWmkIRElOyNHXMRqqPXbMuU1FshrM4YE0/51/3Ev6yCt2cnmB+lRcdx/SKXfBHb\nT240b2WX1887R0ATLd7KwpJnaMRAeCqMg5J5shgP0ug1wKObWuh36qKX8CH9TxiK\n+BQYd61PlPZU4I0vdhJi88B0kMj5vVk8yJ0gFIv5dt80q7+MJwnArUDtQ6bcak48\n5Ukvpq8FGze5AAAAgACkCqsZmK8zndlz+B8LnYQm7/o8wLTgykbQxRdricFT65l9\n6e11yR8APDFuyLMewwG9jCGOkcjFKI3ihd/+OxpmOl6z6UgTb6rMrIroF+YqFzLU\nTR8tC1USNPfSu3vOxjPK6GU9znR0o/5EeBnH3NIqyYw5ruRvR+3OS8gjvpl6AAAA\ngQDicnJM7mroym392OkeA+LFUaxlDJR/wICWH910SNzEbB5ktE60dpX7rBqKaxWM\n3yQS0vID8u37vXCd4x9auVx7b+TvXUsW3OMGNRxzae75vd4S2Ag7gA7rAi5j7wI6\nZcGUME18yy4t2J2z2Ayrvz0z0bBbfsXjpUfyg3UdI9sFtwAAAIEAxu9lAAEG3xJL\nUVNIZ+fD1D9iyzFhvLK39Km9anoeia/TFO2uPY9SVqp2AxoupdPxf7mf1IelhuBY\nCOW6QsNUIOIxrxgCJ8q51SyJc1FNnc63dhaa2W0u1R1Pl0NOlq/Q+Np1Ftxizdvx\naaESGhSeCUH3pyeq+vmrOxOA1L75jm0AAAAAAQID\n-----END OPENSSH PRIVATE KEY-----\n",
            "private_key_pem": "-----BEGIN RSA PRIVATE KEY-----\nMIIEowIBAAKCAQEAr/hGl146Jl7u32kG9EAtJmdNtGxUYyVZ3SIzFfzR0QwRWlgv\nFidjoW0PrxPCMhwenz3KidFddO4xJYAodZtq/qbo96z3CfWaOrDnnB/ntpXSPu0K\nALoczTrc92qvXPdXoQcVOt/nEEvZNbKWQFiasjqg9cwTyPcq2hiAMpMvq1nXCHvI\n2+LzhhZScIE8wmdPTCs/Q7LxFIyXIAuj9tdXRwCrxNVonpY63TWkst1hk4mzA8Tt\n7FAOJWrMeZzHSUym7N2oRbjeClXF5AQHzT5IiHd4Da49ODQFxDy4Nc3d4jwgOdks\nt2mO8fa5xLNigqrboQ8iUr7+PM6EtLEeImvw6wIDAQABAoIBABa5OexsF5hC5Bfn\niSVbcDkoV+l3n8IZ3avnsa8iMboME+WVw6bZuUzsN31FUOuFpBKuOQxpA+eIpsIP\n9amSQ1PVG/p31ILtu1fe5lnL6PE0Ea1ckNEdN4DtHAG7PiAENMWvk3dB2KXLFaaQ\nhESU7I0dcxGqo9dsy5TUWyGszhgTT/nX/cS/rIK3ZyeYH6VFx3H9Ipd8EdtPbjRv\nZZfXzztHQBMt3srCkmdoxEB4KoyDknmyGA/S6DXAo5ta6HfqopfwIf1PGIr4FBh3\nrU+U9lTgjS92EmLzwHSQyPm9WTzInSAUi/l23zSrv4wnCcCtQO1DptxqTjzlSS+m\nrwUbN7kCgYEA4nJyTO5q6Mpt/djpHgPixVGsZQyUf8CAlh/ddEjcxGweZLROtHaV\n+6waimsVjN8kEtLyA/Lt+71wneMfWrlce2/k711LFtzjBjUcc2nu+b3eEtgIO4AO\n6wIuY+8COmXBlDBNfMsuLdids9gMq789M9GwW37F46VH8oN1HSPbBbcCgYEAxu9l\nAAEG3xJLUVNIZ+fD1D9iyzFhvLK39Km9anoeia/TFO2uPY9SVqp2AxoupdPxf7mf\n1IelhuBYCOW6QsNUIOIxrxgCJ8q51SyJc1FNnc63dhaa2W0u1R1Pl0NOlq/Q+Np1\nFtxizdvxaaESGhSeCUH3pyeq+vmrOxOA1L75jm0CgYEAgdMFbs+9oUr1NnTWaavm\npiPGB4Tn2jo+PlN0fkeLsl0eK7Qn71SRdmFcMgFksIf5wYUI1XTANfSNDSf6gOQG\nfopPIWBGPYxT5+opLo4MQUg2em06gwpPAzMT751GlL5j9hafRi2igwxOlZ4G3axd\nZUkRp9MNlw7aKdJuIU++MQ8CgYABLLq49EiZGp+NPGOqEWlLoJAxyPndxmRlsnbm\n4Q+7GmmxrvGfdXA0CM+nlwj9e7HqYis6cw6cLEj4zHp8GHEvvIY0lXy1xXGxe5DY\nOHuv2d+ld960N/vV0FV+/CvDoggm4Ate9jAzLQBQ8l2L/+ErBtOyjf5pev3y3Fuf\nZf1NRQKBgACkCqsZmK8zndlz+B8LnYQm7/o8wLTgykbQxRdricFT65l96e11yR8A\nPDFuyLMewwG9jCGOkcjFKI3ihd/+OxpmOl6z6UgTb6rMrIroF+YqFzLUTR8tC1US\nNPfSu3vOxjPK6GU9znR0o/5EeBnH3NIqyYw5ruRvR+3OS8gjvpl6\n-----END RSA PRIVATE KEY-----\n",
            "private_key_pem_pkcs8": "-----BEGIN PRIVATE KEY-----\nMIIEvQIBADANBgkqhkiG9w0BAQEFAASCBKcwggSjAgEAAoIBAQCv+EaXXjomXu7f\naQb0QC0mZ020bFRjJVndIjMV/NHRDBFaWC8WJ2OhbQ+vE8IyHB6fPcqJ0V107jEl\ngCh1m2r+puj3rPcJ9Zo6sOecH+e2ldI+7QoAuhzNOtz3aq9c91ehBxU63+cQS9k1\nspZAWJqyOqD1zBPI9yraGIAyky+rWdcIe8jb4vOGFlJwgTzCZ09MKz9DsvEUjJcg\nC6P211dHAKvE1WieljrdNaSy3WGTibMDxO3sUA4lasx5nMdJTKbs3ahFuN4KVcXk\nBAfNPkiId3gNrj04NAXEPLg1zd3iPCA52Sy3aY7x9rnEs2KCqtuhDyJSvv48zoS0\nsR4ia/DrAgMBAAECggEAFrk57GwXmELkF+eJJVtwOShX6Xefwhndq+exryIxugwT\n5ZXDptm5TOw3fUVQ64WkEq45DGkD54imwg/1qZJDU9Ub+nfUgu27V97mWcvo8TQR\nrVyQ0R03gO0cAbs+IAQ0xa+Td0HYpcsVppCERJTsjR1zEaqj12zLlNRbIazOGBNP\n+df9xL+sgrdnJ5gfpUXHcf0il3wR209uNG9ll9fPO0dAEy3eysKSZ2jEQHgqjIOS\nebIYD9LoNcCjm1rod+qil/Ah/U8YivgUGHetT5T2VOCNL3YSYvPAdJDI+b1ZPMid\nIBSL+XbfNKu/jCcJwK1A7UOm3GpOPOVJL6avBRs3uQKBgQDicnJM7mroym392Oke\nA+LFUaxlDJR/wICWH910SNzEbB5ktE60dpX7rBqKaxWM3yQS0vID8u37vXCd4x9a\nuVx7b+TvXUsW3OMGNRxzae75vd4S2Ag7gA7rAi5j7wI6ZcGUME18yy4t2J2z2Ayr\nvz0z0bBbfsXjpUfyg3UdI9sFtwKBgQDG72UAAQbfEktRU0hn58PUP2LLMWG8srf0\nqb1qeh6Jr9MU7a49j1JWqnYDGi6l0/F/uZ/Uh6WG4FgI5bpCw1Qg4jGvGAInyrnV\nLIlzUU2dzrd2FprZbS7VHU+XQ06Wr9D42nUW3GLN2/FpoRIaFJ4JQfenJ6r6+as7\nE4DUvvmObQKBgQCB0wVuz72hSvU2dNZpq+amI8YHhOfaOj4+U3R+R4uyXR4rtCfv\nVJF2YVwyAWSwh/nBhQjVdMA19I0NJ/qA5AZ+ik8hYEY9jFPn6ikujgxBSDZ6bTqD\nCk8DMxPvnUaUvmP2Fp9GLaKDDE6VngbdrF1lSRGn0w2XDtop0m4hT74xDwKBgAEs\nurj0SJkan408Y6oRaUugkDHI+d3GZGWydubhD7saabGu8Z91cDQIz6eXCP17sepi\nKzpzDpwsSPjMenwYcS+8hjSVfLXFcbF7kNg4e6/Z36V33rQ3+9XQVX78K8OiCCbg\nC172MDMtAFDyXYv/4SsG07KN/ml6/fLcW59l/U1FAoGAAKQKqxmYrzOd2XP4Hwud\nhCbv+jzAtODKRtDFF2uJwVPrmX3p7XXJHwA8MW7Isx7DAb2MIY6RyMUojeKF3/47\nGmY6XrPpSBNvqsysiugX5ioXMtRNHy0LVRI099K7e87GM8roZT3OdHSj/kR4Gcfc\n0irJjDmu5G9H7c5LyCO+mXo=\n-----END PRIVATE KEY-----\n",
            "public_key_fingerprint_md5": "c6:f0:d6:34:3d:26:df:dc:ef:54:6a:aa:73:b2:01:af",
            "public_key_fingerprint_sha256": "SHA256:mHMClZ1Cypz4g4x3P45KqhfxaCY80M5WFYxd+jCEYqc",
            "public_key_openssh": "ssh-rsa AAAAB3NzaC1yc2EAAAADAQABAAABAQCv+EaXXjomXu7faQb0QC0mZ020bFRjJVndIjMV/NHRDBFaWC8WJ2OhbQ+vE8IyHB6fPcqJ0V107jElgCh1m2r+puj3rPcJ9Zo6sOecH+e2ldI+7QoAuhzNOtz3aq9c91ehBxU63+cQS9k1spZAWJqyOqD1zBPI9yraGIAyky+rWdcIe8jb4vOGFlJwgTzCZ09MKz9DsvEUjJcgC6P211dHAKvE1WieljrdNaSy3WGTibMDxO3sUA4lasx5nMdJTKbs3ahFuN4KVcXkBAfNPkiId3gNrj04NAXEPLg1zd3iPCA52Sy3aY7x9rnEs2KCqtuhDyJSvv48zoS0sR4ia/Dr\n",
            "public_key_pem": "-----BEGIN PUBLIC KEY-----\nMIIBIjANBgkqhkiG9w0BAQEFAAOCAQ8AMIIBCgKCAQEAr/hGl146Jl7u32kG9EAt\nJmdNtGxUYyVZ3SIzFfzR0QwRWlgvFidjoW0PrxPCMhwenz3KidFddO4xJYAodZtq\n/qbo96z3CfWaOrDnnB/ntpXSPu0KALoczTrc92qvXPdXoQcVOt/nEEvZNbKWQFia\nsjqg9cwTyPcq2hiAMpMvq1nXCHvI2+LzhhZScIE8wmdPTCs/Q7LxFIyXIAuj9tdX\nRwCrxNVonpY63TWkst1hk4mzA8Tt7FAOJWrMeZzHSUym7N2oRbjeClXF5AQHzT5I\niHd4Da49ODQFxDy4Nc3d4jwgOdkst2mO8fa5xLNigqrboQ8iUr7+PM6EtLEeImvw\n6wIDAQAB\n-----END PUBLIC KEY-----\n",
            "rsa_bits": 2048
          },
          "sensitive_attributes": [
            [
              {
                "type": "get_attr",
                "value": "private_key_pem"
              }
            ],
            [
              {
                "type": "get_attr",
                "value": "private_key_pem_pkcs8"
              }
            ],
            [
              {
                "type": "get_attr",
                "value": "private_key_openssh"
              }
            ]
          ]
        }
      ]
    },
    {
      "module": "module.rds",
      "mode": "managed",
      "type": "aws_db_instance",
      "name": "this",
      "provider": "provider[\"registry.terraform.io/hashicorp/aws\"]",
      "instances": [
        {
          "schema_version": 2,
          "attributes": {
            "address": "my-rds-instance.cjqaeque2lop.us-west-2.rds.amazonaws.com",
            "allocated_storage": 20,
            "allow_major_version_upgrade": null,
            "apply_immediately": false,
            "arn": "arn:aws:rds:us-west-2:381491857320:db:my-rds-instance",
            "auto_minor_version_upgrade": true,
            "availability_zone": "us-west-2a",
            "backup_retention_period": 0,
            "backup_target": "region",
            "backup_window": "09:57-10:27",
            "blue_green_update": [],
            "ca_cert_identifier": "rds-ca-rsa2048-g1",
            "character_set_name": "",
            "copy_tags_to_snapshot": false,
            "custom_iam_instance_profile": "",
            "customer_owned_ip_enabled": false,
            "db_name": "mydb",
            "db_subnet_group_name": "rds-subnet-group",
            "dedicated_log_volume": false,
            "delete_automated_backups": true,
            "deletion_protection": false,
            "domain": "",
            "domain_auth_secret_arn": "",
            "domain_dns_ips": [],
            "domain_fqdn": "",
            "domain_iam_role_name": "",
            "domain_ou": "",
            "enabled_cloudwatch_logs_exports": [],
            "endpoint": "my-rds-instance.cjqaeque2lop.us-west-2.rds.amazonaws.com:3306",
            "engine": "mysql",
            "engine_version": "8.0.35",
            "engine_version_actual": "8.0.35",
            "final_snapshot_identifier": null,
            "hosted_zone_id": "Z1PVIF0B656C1W",
            "iam_database_authentication_enabled": false,
            "id": "db-V3Y4CWWLU7DUK323I5HPJAMQWU",
            "identifier": "my-rds-instance",
            "identifier_prefix": "",
            "instance_class": "db.t3.micro",
            "iops": 0,
            "kms_key_id": "",
            "latest_restorable_time": "",
            "license_model": "general-public-license",
            "listener_endpoint": [],
            "maintenance_window": "tue:08:07-tue:08:37",
            "manage_master_user_password": null,
            "master_user_secret": [],
            "master_user_secret_kms_key_id": null,
            "max_allocated_storage": 0,
            "monitoring_interval": 0,
            "monitoring_role_arn": "",
            "multi_az": false,
            "nchar_character_set_name": "",
            "network_type": "IPV4",
            "option_group_name": "default:mysql-8-0",
            "parameter_group_name": "default.mysql8.0",
            "password": "password",
            "performance_insights_enabled": false,
            "performance_insights_kms_key_id": "",
            "performance_insights_retention_period": 0,
            "port": 3306,
            "publicly_accessible": false,
            "replica_mode": "",
            "replicas": [],
            "replicate_source_db": "",
            "resource_id": "db-V3Y4CWWLU7DUK323I5HPJAMQWU",
            "restore_to_point_in_time": [],
            "s3_import": [],
            "skip_final_snapshot": true,
            "snapshot_identifier": null,
            "status": "available",
            "storage_encrypted": false,
            "storage_throughput": 0,
            "storage_type": "gp2",
            "tags": {},
            "tags_all": {},
            "timeouts": null,
            "timezone": "",
            "username": "admin",
            "vpc_security_group_ids": [
              "sg-0abb2c60ce19c5612"
            ]
          },
          "sensitive_attributes": [
            [
              {
                "type": "get_attr",
                "value": "password"
              }
            ]
          ],
          "private": "eyJlMmJmYjczMC1lY2FhLTExZTYtOGY4OC0zNDM2M2JjN2M0YzAiOnsiY3JlYXRlIjoyNDAwMDAwMDAwMDAwLCJkZWxldGUiOjM2MDAwMDAwMDAwMDAsInVwZGF0ZSI6NDgwMDAwMDAwMDAwMH0sInNjaGVtYV92ZXJzaW9uIjoiMiJ9",
          "dependencies": [
            "module.rds.aws_security_group.rds_sg",
            "module.vpc.aws_db_subnet_group.this",
            "module.vpc.aws_subnet.rds",
            "module.vpc.aws_vpc.this",
            "module.vpc.data.aws_availability_zones.available"
          ]
        }
      ]
    },
    {
      "module": "module.rds",
      "mode": "managed",
      "type": "aws_security_group",
      "name": "rds_sg",
      "provider": "provider[\"registry.terraform.io/hashicorp/aws\"]",
      "instances": [
        {
          "schema_version": 1,
          "attributes": {
            "arn": "arn:aws:ec2:us-west-2:381491857320:security-group/sg-0abb2c60ce19c5612",
            "description": "Managed by Terraform",
            "egress": [
              {
                "cidr_blocks": [
                  "0.0.0.0/0"
                ],
                "description": "",
                "from_port": 0,
                "ipv6_cidr_blocks": [],
                "prefix_list_ids": [],
                "protocol": "-1",
                "security_groups": [],
                "self": false,
                "to_port": 0
              }
            ],
            "id": "sg-0abb2c60ce19c5612",
            "ingress": [
              {
                "cidr_blocks": [
                  "0.0.0.0/0"
                ],
                "description": "",
                "from_port": 3306,
                "ipv6_cidr_blocks": [],
                "prefix_list_ids": [],
                "protocol": "tcp",
                "security_groups": [],
                "self": false,
                "to_port": 3306
              }
            ],
            "name": "rds_sg20240712082922272900000004",
            "name_prefix": "rds_sg",
            "owner_id": "381491857320",
            "revoke_rules_on_delete": false,
            "tags": {},
            "tags_all": {},
            "timeouts": null,
            "vpc_id": "vpc-0baebf62692e8cfb7"
          },
          "sensitive_attributes": [],
          "private": "eyJlMmJmYjczMC1lY2FhLTExZTYtOGY4OC0zNDM2M2JjN2M0YzAiOnsiY3JlYXRlIjo2MDAwMDAwMDAwMDAsImRlbGV0ZSI6OTAwMDAwMDAwMDAwfSwic2NoZW1hX3ZlcnNpb24iOiIxIn0=",
          "dependencies": [
            "module.vpc.aws_vpc.this"
          ]
        }
      ]
    },
    {
      "module": "module.vpc",
      "mode": "data",
      "type": "aws_availability_zones",
      "name": "available",
      "provider": "provider[\"registry.terraform.io/hashicorp/aws\"]",
      "instances": [
        {
          "schema_version": 0,
          "attributes": {
            "all_availability_zones": null,
            "exclude_names": null,
            "exclude_zone_ids": null,
            "filter": null,
            "group_names": [
              "us-west-2"
            ],
            "id": "us-west-2",
            "names": [
              "us-west-2a",
              "us-west-2b",
              "us-west-2c",
              "us-west-2d"
            ],
            "state": null,
            "timeouts": null,
            "zone_ids": [
              "usw2-az2",
              "usw2-az1",
              "usw2-az3",
              "usw2-az4"
            ]
          },
          "sensitive_attributes": []
        }
      ]
    },
    {
      "module": "module.vpc",
      "mode": "managed",
      "type": "aws_db_subnet_group",
      "name": "this",
      "provider": "provider[\"registry.terraform.io/hashicorp/aws\"]",
      "instances": [
        {
          "schema_version": 0,
          "attributes": {
            "arn": "arn:aws:rds:us-west-2:381491857320:subgrp:rds-subnet-group",
            "description": "RDS subnet group",
            "id": "rds-subnet-group",
            "name": "rds-subnet-group",
            "name_prefix": "",
            "subnet_ids": [
              "subnet-0326237ed4b0f08af",
              "subnet-0ca6de2c666c3e011"
            ],
            "supported_network_types": [
              "IPV4"
            ],
            "tags": {},
            "tags_all": {},
            "vpc_id": "vpc-0baebf62692e8cfb7"
          },
          "sensitive_attributes": [],
          "private": "bnVsbA==",
          "dependencies": [
            "module.vpc.aws_subnet.rds",
            "module.vpc.aws_vpc.this",
            "module.vpc.data.aws_availability_zones.available"
          ]
        }
      ]
    },
    {
      "module": "module.vpc",
      "mode": "managed",
      "type": "aws_eip",
      "name": "this",
      "provider": "provider[\"registry.terraform.io/hashicorp/aws\"]",
      "instances": [
        {
          "index_key": 0,
          "schema_version": 0,
          "attributes": {
            "address": null,
            "allocation_id": "eipalloc-070fd1f64c1da0382",
            "arn": "arn:aws:ec2:us-west-2:381491857320:elastic-ip/eipalloc-070fd1f64c1da0382",
            "associate_with_private_ip": null,
            "association_id": "eipassoc-03db2492a2e779cc4",
            "carrier_ip": "",
            "customer_owned_ip": "",
            "customer_owned_ipv4_pool": "",
            "domain": "vpc",
            "id": "eipalloc-070fd1f64c1da0382",
            "instance": "",
            "network_border_group": "us-west-2",
            "network_interface": "eni-034c059b0e5f365ca",
            "private_dns": "ip-10-0-0-83.us-west-2.compute.internal",
            "private_ip": "10.0.0.83",
            "ptr_record": "",
            "public_dns": "ec2-52-10-173-252.us-west-2.compute.amazonaws.com",
            "public_ip": "52.10.173.252",
            "public_ipv4_pool": "amazon",
            "tags": {},
            "tags_all": {},
            "timeouts": null,
            "vpc": true
          },
          "sensitive_attributes": [],
          "private": "eyJlMmJmYjczMC1lY2FhLTExZTYtOGY4OC0zNDM2M2JjN2M0YzAiOnsiZGVsZXRlIjoxODAwMDAwMDAwMDAsInJlYWQiOjkwMDAwMDAwMDAwMCwidXBkYXRlIjozMDAwMDAwMDAwMDB9fQ=="
        }
      ]
    },
    {
      "module": "module.vpc",
      "mode": "managed",
      "type": "aws_internet_gateway",
      "name": "this",
      "provider": "provider[\"registry.terraform.io/hashicorp/aws\"]",
      "instances": [
        {
          "schema_version": 0,
          "attributes": {
            "arn": "arn:aws:ec2:us-west-2:381491857320:internet-gateway/igw-0d7aeffb0f968bfd0",
            "id": "igw-0d7aeffb0f968bfd0",
            "owner_id": "381491857320",
            "tags": {},
            "tags_all": {},
            "timeouts": null,
            "vpc_id": "vpc-0baebf62692e8cfb7"
          },
          "sensitive_attributes": [],
          "private": "eyJlMmJmYjczMC1lY2FhLTExZTYtOGY4OC0zNDM2M2JjN2M0YzAiOnsiY3JlYXRlIjoxMjAwMDAwMDAwMDAwLCJkZWxldGUiOjEyMDAwMDAwMDAwMDAsInVwZGF0ZSI6MTIwMDAwMDAwMDAwMH19",
          "dependencies": [
            "module.vpc.aws_vpc.this"
          ]
        }
      ]
    },
    {
      "module": "module.vpc",
      "mode": "managed",
      "type": "aws_nat_gateway",
      "name": "this",
      "provider": "provider[\"registry.terraform.io/hashicorp/aws\"]",
      "instances": [
        {
          "schema_version": 0,
          "attributes": {
            "allocation_id": "eipalloc-070fd1f64c1da0382",
            "association_id": "eipassoc-03db2492a2e779cc4",
            "connectivity_type": "public",
            "id": "nat-03073a25c0e0ca39c",
            "network_interface_id": "eni-034c059b0e5f365ca",
            "private_ip": "10.0.0.83",
            "public_ip": "52.10.173.252",
            "secondary_allocation_ids": [],
            "secondary_private_ip_address_count": 0,
            "secondary_private_ip_addresses": [],
            "subnet_id": "subnet-02408de7cfefb60ca",
            "tags": {},
            "tags_all": {},
            "timeouts": null
          },
          "sensitive_attributes": [],
          "private": "eyJlMmJmYjczMC1lY2FhLTExZTYtOGY4OC0zNDM2M2JjN2M0YzAiOnsiY3JlYXRlIjo2MDAwMDAwMDAwMDAsImRlbGV0ZSI6MTgwMDAwMDAwMDAwMCwidXBkYXRlIjo2MDAwMDAwMDAwMDB9fQ==",
          "dependencies": [
            "module.vpc.aws_eip.this",
            "module.vpc.aws_subnet.public",
            "module.vpc.aws_vpc.this",
            "module.vpc.data.aws_availability_zones.available"
          ]
        }
      ]
    },
    {
      "module": "module.vpc",
      "mode": "managed",
      "type": "aws_route",
      "name": "internet_access",
      "provider": "provider[\"registry.terraform.io/hashicorp/aws\"]",
      "instances": [
        {
          "schema_version": 0,
          "attributes": {
            "carrier_gateway_id": "",
            "core_network_arn": "",
            "destination_cidr_block": "0.0.0.0/0",
            "destination_ipv6_cidr_block": "",
            "destination_prefix_list_id": "",
            "egress_only_gateway_id": "",
            "gateway_id": "igw-0d7aeffb0f968bfd0",
            "id": "r-rtb-04b1c531da18743451080289494",
            "instance_id": "",
            "instance_owner_id": "",
            "local_gateway_id": "",
            "nat_gateway_id": "",
            "network_interface_id": "",
            "origin": "CreateRoute",
            "route_table_id": "rtb-04b1c531da1874345",
            "state": "active",
            "timeouts": null,
            "transit_gateway_id": "",
            "vpc_endpoint_id": "",
            "vpc_peering_connection_id": ""
          },
          "sensitive_attributes": [],
          "private": "eyJlMmJmYjczMC1lY2FhLTExZTYtOGY4OC0zNDM2M2JjN2M0YzAiOnsiY3JlYXRlIjozMDAwMDAwMDAwMDAsImRlbGV0ZSI6MzAwMDAwMDAwMDAwLCJ1cGRhdGUiOjEyMDAwMDAwMDAwMH19",
          "dependencies": [
            "module.vpc.aws_internet_gateway.this",
            "module.vpc.aws_route_table.public",
            "module.vpc.aws_vpc.this"
          ]
        }
      ]
    },
    {
      "module": "module.vpc",
      "mode": "managed",
      "type": "aws_route",
      "name": "nat_access",
      "provider": "provider[\"registry.terraform.io/hashicorp/aws\"]",
      "instances": [
        {
          "schema_version": 0,
          "attributes": {
            "carrier_gateway_id": "",
            "core_network_arn": "",
            "destination_cidr_block": "0.0.0.0/0",
            "destination_ipv6_cidr_block": "",
            "destination_prefix_list_id": "",
            "egress_only_gateway_id": "",
            "gateway_id": "",
            "id": "r-rtb-0dcc0cc02f56c7de91080289494",
            "instance_id": "",
            "instance_owner_id": "",
            "local_gateway_id": "",
            "nat_gateway_id": "nat-03073a25c0e0ca39c",
            "network_interface_id": "",
            "origin": "CreateRoute",
            "route_table_id": "rtb-0dcc0cc02f56c7de9",
            "state": "active",
            "timeouts": null,
            "transit_gateway_id": "",
            "vpc_endpoint_id": "",
            "vpc_peering_connection_id": ""
          },
          "sensitive_attributes": [],
          "private": "eyJlMmJmYjczMC1lY2FhLTExZTYtOGY4OC0zNDM2M2JjN2M0YzAiOnsiY3JlYXRlIjozMDAwMDAwMDAwMDAsImRlbGV0ZSI6MzAwMDAwMDAwMDAwLCJ1cGRhdGUiOjEyMDAwMDAwMDAwMH19",
          "dependencies": [
            "module.vpc.aws_eip.this",
            "module.vpc.aws_nat_gateway.this",
            "module.vpc.aws_route_table.private",
            "module.vpc.aws_subnet.public",
            "module.vpc.aws_vpc.this",
            "module.vpc.data.aws_availability_zones.available"
          ]
        }
      ]
    },
    {
      "module": "module.vpc",
      "mode": "managed",
      "type": "aws_route_table",
      "name": "private",
      "provider": "provider[\"registry.terraform.io/hashicorp/aws\"]",
      "instances": [
        {
          "schema_version": 0,
          "attributes": {
            "arn": "arn:aws:ec2:us-west-2:381491857320:route-table/rtb-0dcc0cc02f56c7de9",
            "id": "rtb-0dcc0cc02f56c7de9",
            "owner_id": "381491857320",
            "propagating_vgws": [],
            "route": [
              {
                "carrier_gateway_id": "",
                "cidr_block": "0.0.0.0/0",
                "core_network_arn": "",
                "destination_prefix_list_id": "",
                "egress_only_gateway_id": "",
                "gateway_id": "",
                "ipv6_cidr_block": "",
                "local_gateway_id": "",
                "nat_gateway_id": "nat-03073a25c0e0ca39c",
                "network_interface_id": "",
                "transit_gateway_id": "",
                "vpc_endpoint_id": "",
                "vpc_peering_connection_id": ""
              }
            ],
            "tags": {},
            "tags_all": {},
            "timeouts": null,
            "vpc_id": "vpc-0baebf62692e8cfb7"
          },
          "sensitive_attributes": [],
          "private": "eyJlMmJmYjczMC1lY2FhLTExZTYtOGY4OC0zNDM2M2JjN2M0YzAiOnsiY3JlYXRlIjozMDAwMDAwMDAwMDAsImRlbGV0ZSI6MzAwMDAwMDAwMDAwLCJ1cGRhdGUiOjEyMDAwMDAwMDAwMH19",
          "dependencies": [
            "module.vpc.aws_vpc.this"
          ]
        }
      ]
    },
    {
      "module": "module.vpc",
      "mode": "managed",
      "type": "aws_route_table",
      "name": "public",
      "provider": "provider[\"registry.terraform.io/hashicorp/aws\"]",
      "instances": [
        {
          "schema_version": 0,
          "attributes": {
            "arn": "arn:aws:ec2:us-west-2:381491857320:route-table/rtb-04b1c531da1874345",
            "id": "rtb-04b1c531da1874345",
            "owner_id": "381491857320",
            "propagating_vgws": [],
            "route": [
              {
                "carrier_gateway_id": "",
                "cidr_block": "0.0.0.0/0",
                "core_network_arn": "",
                "destination_prefix_list_id": "",
                "egress_only_gateway_id": "",
                "gateway_id": "igw-0d7aeffb0f968bfd0",
                "ipv6_cidr_block": "",
                "local_gateway_id": "",
                "nat_gateway_id": "",
                "network_interface_id": "",
                "transit_gateway_id": "",
                "vpc_endpoint_id": "",
                "vpc_peering_connection_id": ""
              }
            ],
            "tags": {},
            "tags_all": {},
            "timeouts": null,
            "vpc_id": "vpc-0baebf62692e8cfb7"
          },
          "sensitive_attributes": [],
          "private": "eyJlMmJmYjczMC1lY2FhLTExZTYtOGY4OC0zNDM2M2JjN2M0YzAiOnsiY3JlYXRlIjozMDAwMDAwMDAwMDAsImRlbGV0ZSI6MzAwMDAwMDAwMDAwLCJ1cGRhdGUiOjEyMDAwMDAwMDAwMH19",
          "dependencies": [
            "module.vpc.aws_vpc.this"
          ]
        }
      ]
    },
    {
      "module": "module.vpc",
      "mode": "managed",
      "type": "aws_route_table_association",
      "name": "private",
      "provider": "provider[\"registry.terraform.io/hashicorp/aws\"]",
      "instances": [
        {
          "index_key": 0,
          "schema_version": 0,
          "attributes": {
            "gateway_id": "",
            "id": "rtbassoc-09df9c116c79329f6",
            "route_table_id": "rtb-0dcc0cc02f56c7de9",
            "subnet_id": "subnet-0133a6aa313ef008e",
            "timeouts": null
          },
          "sensitive_attributes": [],
          "private": "eyJlMmJmYjczMC1lY2FhLTExZTYtOGY4OC0zNDM2M2JjN2M0YzAiOnsiY3JlYXRlIjozMDAwMDAwMDAwMDAsImRlbGV0ZSI6MzAwMDAwMDAwMDAwLCJ1cGRhdGUiOjEyMDAwMDAwMDAwMH19",
          "dependencies": [
            "module.vpc.aws_route_table.private",
            "module.vpc.aws_subnet.private",
            "module.vpc.aws_vpc.this",
            "module.vpc.data.aws_availability_zones.available"
          ]
        },
        {
          "index_key": 1,
          "schema_version": 0,
          "attributes": {
            "gateway_id": "",
            "id": "rtbassoc-05f270143fc01b562",
            "route_table_id": "rtb-0dcc0cc02f56c7de9",
            "subnet_id": "subnet-03fb84dda16d83aef",
            "timeouts": null
          },
          "sensitive_attributes": [],
          "private": "eyJlMmJmYjczMC1lY2FhLTExZTYtOGY4OC0zNDM2M2JjN2M0YzAiOnsiY3JlYXRlIjozMDAwMDAwMDAwMDAsImRlbGV0ZSI6MzAwMDAwMDAwMDAwLCJ1cGRhdGUiOjEyMDAwMDAwMDAwMH19",
          "dependencies": [
            "module.vpc.aws_route_table.private",
            "module.vpc.aws_subnet.private",
            "module.vpc.aws_vpc.this",
            "module.vpc.data.aws_availability_zones.available"
          ]
        }
      ]
    },
    {
      "module": "module.vpc",
      "mode": "managed",
      "type": "aws_route_table_association",
      "name": "public",
      "provider": "provider[\"registry.terraform.io/hashicorp/aws\"]",
      "instances": [
        {
          "index_key": 0,
          "schema_version": 0,
          "attributes": {
            "gateway_id": "",
            "id": "rtbassoc-054c74a342e59e2c2",
            "route_table_id": "rtb-04b1c531da1874345",
            "subnet_id": "subnet-02408de7cfefb60ca",
            "timeouts": null
          },
          "sensitive_attributes": [],
          "private": "eyJlMmJmYjczMC1lY2FhLTExZTYtOGY4OC0zNDM2M2JjN2M0YzAiOnsiY3JlYXRlIjozMDAwMDAwMDAwMDAsImRlbGV0ZSI6MzAwMDAwMDAwMDAwLCJ1cGRhdGUiOjEyMDAwMDAwMDAwMH19",
          "dependencies": [
            "module.vpc.aws_route_table.public",
            "module.vpc.aws_subnet.public",
            "module.vpc.aws_vpc.this",
            "module.vpc.data.aws_availability_zones.available"
          ]
        },
        {
          "index_key": 1,
          "schema_version": 0,
          "attributes": {
            "gateway_id": "",
            "id": "rtbassoc-02f49abcb4f96a05e",
            "route_table_id": "rtb-04b1c531da1874345",
            "subnet_id": "subnet-0e83e89d0146a95f6",
            "timeouts": null
          },
          "sensitive_attributes": [],
          "private": "eyJlMmJmYjczMC1lY2FhLTExZTYtOGY4OC0zNDM2M2JjN2M0YzAiOnsiY3JlYXRlIjozMDAwMDAwMDAwMDAsImRlbGV0ZSI6MzAwMDAwMDAwMDAwLCJ1cGRhdGUiOjEyMDAwMDAwMDAwMH19",
          "dependencies": [
            "module.vpc.aws_route_table.public",
            "module.vpc.aws_subnet.public",
            "module.vpc.aws_vpc.this",
            "module.vpc.data.aws_availability_zones.available"
          ]
        }
      ]
    },
    {
      "module": "module.vpc",
      "mode": "managed",
      "type": "aws_subnet",
      "name": "private",
      "provider": "provider[\"registry.terraform.io/hashicorp/aws\"]",
      "instances": [
        {
          "index_key": 0,
          "schema_version": 1,
          "attributes": {
            "arn": "arn:aws:ec2:us-west-2:381491857320:subnet/subnet-0133a6aa313ef008e",
            "assign_ipv6_address_on_creation": false,
            "availability_zone": "us-west-2a",
            "availability_zone_id": "usw2-az2",
            "cidr_block": "10.0.2.0/24",
            "customer_owned_ipv4_pool": "",
            "enable_dns64": false,
            "enable_lni_at_device_index": 0,
            "enable_resource_name_dns_a_record_on_launch": false,
            "enable_resource_name_dns_aaaa_record_on_launch": false,
            "id": "subnet-0133a6aa313ef008e",
            "ipv6_cidr_block": "",
            "ipv6_cidr_block_association_id": "",
            "ipv6_native": false,
            "map_customer_owned_ip_on_launch": false,
            "map_public_ip_on_launch": false,
            "outpost_arn": "",
            "owner_id": "381491857320",
            "private_dns_hostname_type_on_launch": "ip-name",
            "tags": {},
            "tags_all": {},
            "timeouts": null,
            "vpc_id": "vpc-0baebf62692e8cfb7"
          },
          "sensitive_attributes": [],
          "private": "eyJlMmJmYjczMC1lY2FhLTExZTYtOGY4OC0zNDM2M2JjN2M0YzAiOnsiY3JlYXRlIjo2MDAwMDAwMDAwMDAsImRlbGV0ZSI6MTIwMDAwMDAwMDAwMH0sInNjaGVtYV92ZXJzaW9uIjoiMSJ9",
          "dependencies": [
            "module.vpc.aws_vpc.this",
            "module.vpc.data.aws_availability_zones.available"
          ]
        },
        {
          "index_key": 1,
          "schema_version": 1,
          "attributes": {
            "arn": "arn:aws:ec2:us-west-2:381491857320:subnet/subnet-03fb84dda16d83aef",
            "assign_ipv6_address_on_creation": false,
            "availability_zone": "us-west-2b",
            "availability_zone_id": "usw2-az1",
            "cidr_block": "10.0.3.0/24",
            "customer_owned_ipv4_pool": "",
            "enable_dns64": false,
            "enable_lni_at_device_index": 0,
            "enable_resource_name_dns_a_record_on_launch": false,
            "enable_resource_name_dns_aaaa_record_on_launch": false,
            "id": "subnet-03fb84dda16d83aef",
            "ipv6_cidr_block": "",
            "ipv6_cidr_block_association_id": "",
            "ipv6_native": false,
            "map_customer_owned_ip_on_launch": false,
            "map_public_ip_on_launch": false,
            "outpost_arn": "",
            "owner_id": "381491857320",
            "private_dns_hostname_type_on_launch": "ip-name",
            "tags": {},
            "tags_all": {},
            "timeouts": null,
            "vpc_id": "vpc-0baebf62692e8cfb7"
          },
          "sensitive_attributes": [],
          "private": "eyJlMmJmYjczMC1lY2FhLTExZTYtOGY4OC0zNDM2M2JjN2M0YzAiOnsiY3JlYXRlIjo2MDAwMDAwMDAwMDAsImRlbGV0ZSI6MTIwMDAwMDAwMDAwMH0sInNjaGVtYV92ZXJzaW9uIjoiMSJ9",
          "dependencies": [
            "module.vpc.aws_vpc.this",
            "module.vpc.data.aws_availability_zones.available"
          ]
        }
      ]
    },
    {
      "module": "module.vpc",
      "mode": "managed",
      "type": "aws_subnet",
      "name": "public",
      "provider": "provider[\"registry.terraform.io/hashicorp/aws\"]",
      "instances": [
        {
          "index_key": 0,
          "schema_version": 1,
          "attributes": {
            "arn": "arn:aws:ec2:us-west-2:381491857320:subnet/subnet-02408de7cfefb60ca",
            "assign_ipv6_address_on_creation": false,
            "availability_zone": "us-west-2a",
            "availability_zone_id": "usw2-az2",
            "cidr_block": "10.0.0.0/24",
            "customer_owned_ipv4_pool": "",
            "enable_dns64": false,
            "enable_lni_at_device_index": 0,
            "enable_resource_name_dns_a_record_on_launch": false,
            "enable_resource_name_dns_aaaa_record_on_launch": false,
            "id": "subnet-02408de7cfefb60ca",
            "ipv6_cidr_block": "",
            "ipv6_cidr_block_association_id": "",
            "ipv6_native": false,
            "map_customer_owned_ip_on_launch": false,
            "map_public_ip_on_launch": true,
            "outpost_arn": "",
            "owner_id": "381491857320",
            "private_dns_hostname_type_on_launch": "ip-name",
            "tags": {},
            "tags_all": {},
            "timeouts": null,
            "vpc_id": "vpc-0baebf62692e8cfb7"
          },
          "sensitive_attributes": [],
          "private": "eyJlMmJmYjczMC1lY2FhLTExZTYtOGY4OC0zNDM2M2JjN2M0YzAiOnsiY3JlYXRlIjo2MDAwMDAwMDAwMDAsImRlbGV0ZSI6MTIwMDAwMDAwMDAwMH0sInNjaGVtYV92ZXJzaW9uIjoiMSJ9",
          "dependencies": [
            "module.vpc.aws_vpc.this",
            "module.vpc.data.aws_availability_zones.available"
          ]
        },
        {
          "index_key": 1,
          "schema_version": 1,
          "attributes": {
            "arn": "arn:aws:ec2:us-west-2:381491857320:subnet/subnet-0e83e89d0146a95f6",
            "assign_ipv6_address_on_creation": false,
            "availability_zone": "us-west-2b",
            "availability_zone_id": "usw2-az1",
            "cidr_block": "10.0.1.0/24",
            "customer_owned_ipv4_pool": "",
            "enable_dns64": false,
            "enable_lni_at_device_index": 0,
            "enable_resource_name_dns_a_record_on_launch": false,
            "enable_resource_name_dns_aaaa_record_on_launch": false,
            "id": "subnet-0e83e89d0146a95f6",
            "ipv6_cidr_block": "",
            "ipv6_cidr_block_association_id": "",
            "ipv6_native": false,
            "map_customer_owned_ip_on_launch": false,
            "map_public_ip_on_launch": true,
            "outpost_arn": "",
            "owner_id": "381491857320",
            "private_dns_hostname_type_on_launch": "ip-name",
            "tags": {},
            "tags_all": {},
            "timeouts": null,
            "vpc_id": "vpc-0baebf62692e8cfb7"
          },
          "sensitive_attributes": [],
          "private": "eyJlMmJmYjczMC1lY2FhLTExZTYtOGY4OC0zNDM2M2JjN2M0YzAiOnsiY3JlYXRlIjo2MDAwMDAwMDAwMDAsImRlbGV0ZSI6MTIwMDAwMDAwMDAwMH0sInNjaGVtYV92ZXJzaW9uIjoiMSJ9",
          "dependencies": [
            "module.vpc.aws_vpc.this",
            "module.vpc.data.aws_availability_zones.available"
          ]
        }
      ]
    },
    {
      "module": "module.vpc",
      "mode": "managed",
      "type": "aws_subnet",
      "name": "rds",
      "provider": "provider[\"registry.terraform.io/hashicorp/aws\"]",
      "instances": [
        {
          "index_key": 0,
          "schema_version": 1,
          "attributes": {
            "arn": "arn:aws:ec2:us-west-2:381491857320:subnet/subnet-0ca6de2c666c3e011",
            "assign_ipv6_address_on_creation": false,
            "availability_zone": "us-west-2a",
            "availability_zone_id": "usw2-az2",
            "cidr_block": "10.0.4.0/24",
            "customer_owned_ipv4_pool": "",
            "enable_dns64": false,
            "enable_lni_at_device_index": 0,
            "enable_resource_name_dns_a_record_on_launch": false,
            "enable_resource_name_dns_aaaa_record_on_launch": false,
            "id": "subnet-0ca6de2c666c3e011",
            "ipv6_cidr_block": "",
            "ipv6_cidr_block_association_id": "",
            "ipv6_native": false,
            "map_customer_owned_ip_on_launch": false,
            "map_public_ip_on_launch": false,
            "outpost_arn": "",
            "owner_id": "381491857320",
            "private_dns_hostname_type_on_launch": "ip-name",
            "tags": {},
            "tags_all": {},
            "timeouts": null,
            "vpc_id": "vpc-0baebf62692e8cfb7"
          },
          "sensitive_attributes": [],
          "private": "eyJlMmJmYjczMC1lY2FhLTExZTYtOGY4OC0zNDM2M2JjN2M0YzAiOnsiY3JlYXRlIjo2MDAwMDAwMDAwMDAsImRlbGV0ZSI6MTIwMDAwMDAwMDAwMH0sInNjaGVtYV92ZXJzaW9uIjoiMSJ9",
          "dependencies": [
            "module.vpc.aws_vpc.this",
            "module.vpc.data.aws_availability_zones.available"
          ]
        },
        {
          "index_key": 1,
          "schema_version": 1,
          "attributes": {
            "arn": "arn:aws:ec2:us-west-2:381491857320:subnet/subnet-0326237ed4b0f08af",
            "assign_ipv6_address_on_creation": false,
            "availability_zone": "us-west-2b",
            "availability_zone_id": "usw2-az1",
            "cidr_block": "10.0.5.0/24",
            "customer_owned_ipv4_pool": "",
            "enable_dns64": false,
            "enable_lni_at_device_index": 0,
            "enable_resource_name_dns_a_record_on_launch": false,
            "enable_resource_name_dns_aaaa_record_on_launch": false,
            "id": "subnet-0326237ed4b0f08af",
            "ipv6_cidr_block": "",
            "ipv6_cidr_block_association_id": "",
            "ipv6_native": false,
            "map_customer_owned_ip_on_launch": false,
            "map_public_ip_on_launch": false,
            "outpost_arn": "",
            "owner_id": "381491857320",
            "private_dns_hostname_type_on_launch": "ip-name",
            "tags": {},
            "tags_all": {},
            "timeouts": null,
            "vpc_id": "vpc-0baebf62692e8cfb7"
          },
          "sensitive_attributes": [],
          "private": "eyJlMmJmYjczMC1lY2FhLTExZTYtOGY4OC0zNDM2M2JjN2M0YzAiOnsiY3JlYXRlIjo2MDAwMDAwMDAwMDAsImRlbGV0ZSI6MTIwMDAwMDAwMDAwMH0sInNjaGVtYV92ZXJzaW9uIjoiMSJ9",
          "dependencies": [
            "module.vpc.aws_vpc.this",
            "module.vpc.data.aws_availability_zones.available"
          ]
        }
      ]
    },
    {
      "module": "module.vpc",
      "mode": "managed",
      "type": "aws_vpc",
      "name": "this",
      "provider": "provider[\"registry.terraform.io/hashicorp/aws\"]",
      "instances": [
        {
          "schema_version": 1,
          "attributes": {
            "arn": "arn:aws:ec2:us-west-2:381491857320:vpc/vpc-0baebf62692e8cfb7",
            "assign_generated_ipv6_cidr_block": false,
            "cidr_block": "10.0.0.0/16",
            "default_network_acl_id": "acl-0e831d0bb47f0ae02",
            "default_route_table_id": "rtb-0b99d40b23f724c3f",
            "default_security_group_id": "sg-017bbf95582fe5e72",
            "dhcp_options_id": "dopt-0cef9e31244c14142",
            "enable_dns_hostnames": false,
            "enable_dns_support": true,
            "enable_network_address_usage_metrics": false,
            "id": "vpc-0baebf62692e8cfb7",
            "instance_tenancy": "default",
            "ipv4_ipam_pool_id": null,
            "ipv4_netmask_length": null,
            "ipv6_association_id": "",
            "ipv6_cidr_block": "",
            "ipv6_cidr_block_network_border_group": "",
            "ipv6_ipam_pool_id": "",
            "ipv6_netmask_length": 0,
            "main_route_table_id": "rtb-0b99d40b23f724c3f",
            "owner_id": "381491857320",
            "tags": {},
            "tags_all": {}
          },
          "sensitive_attributes": [],
          "private": "eyJzY2hlbWFfdmVyc2lvbiI6IjEifQ=="
        }
      ]
    }
  ],
  "check_results": null
}
